// !$*UTF8*$!
{
	archiveVersion = 1;
	classes = {
	};
	objectVersion = 46;
	objects = {

/* Begin PBXBuildFile section */
		F39258D61EE08C6B0062BA03 /* NotificationCenter.framework in Frameworks */ = {isa = PBXBuildFile; fileRef = F39258D51EE08C6B0062BA03 /* NotificationCenter.framework */; };
		F39258DC1EE08C6B0062BA03 /* MainInterface.storyboard in Resources */ = {isa = PBXBuildFile; fileRef = F39258DA1EE08C6B0062BA03 /* MainInterface.storyboard */; };
		F39258E01EE08C6B0062BA03 /* 80ptsExtension.appex in Embed App Extensions */ = {isa = PBXBuildFile; fileRef = F39258D31EE08C6B0062BA03 /* 80ptsExtension.appex */; settings = {ATTRIBUTES = (RemoveHeadersOnCopy, ); }; };
		F39258E51EE096E50062BA03 /* Person.swift in Sources */ = {isa = PBXBuildFile; fileRef = F3F2F4A11E0C29ED00DC722F /* Person.swift */; };
		F39258E61EE096EA0062BA03 /* Date.swift in Sources */ = {isa = PBXBuildFile; fileRef = F3F2F4A31E0C36A500DC722F /* Date.swift */; };
		F39258E71EE096ED0062BA03 /* Rules.swift in Sources */ = {isa = PBXBuildFile; fileRef = F3F2F4A51E0C3D1300DC722F /* Rules.swift */; };
		F39258E81EE096F10062BA03 /* Calculations.swift in Sources */ = {isa = PBXBuildFile; fileRef = F3D954E81E0AFC7700D33A6F /* Calculations.swift */; };
		F39258F11EE72C0D0062BA03 /* _0ptsTests.swift in Sources */ = {isa = PBXBuildFile; fileRef = F3D954CF1E0AFC4600D33A6F /* _0ptsTests.swift */; };
		F39258F71EE72D0F0062BA03 /* Constants.swift in Sources */ = {isa = PBXBuildFile; fileRef = F39258F61EE72D0F0062BA03 /* Constants.swift */; };
		F39258F81EE72DF60062BA03 /* Constants.swift in Sources */ = {isa = PBXBuildFile; fileRef = F39258F61EE72D0F0062BA03 /* Constants.swift */; };
		F39258FC1EE739A40062BA03 /* TodayViewController.swift in Sources */ = {isa = PBXBuildFile; fileRef = F39258D81EE08C6B0062BA03 /* TodayViewController.swift */; };
		F39258FE1EE770960062BA03 /* People.swift in Sources */ = {isa = PBXBuildFile; fileRef = F39258FD1EE770960062BA03 /* People.swift */; };
		F39259001EE87A100062BA03 /* PeopleViewController.swift in Sources */ = {isa = PBXBuildFile; fileRef = F39258FF1EE87A100062BA03 /* PeopleViewController.swift */; };
		F3D954BB1E0AFC4600D33A6F /* AppDelegate.swift in Sources */ = {isa = PBXBuildFile; fileRef = F3D954BA1E0AFC4600D33A6F /* AppDelegate.swift */; };
		F3D954BD1E0AFC4600D33A6F /* EditViewController.swift in Sources */ = {isa = PBXBuildFile; fileRef = F3D954BC1E0AFC4600D33A6F /* EditViewController.swift */; };
		F3D954C01E0AFC4600D33A6F /* Main.storyboard in Resources */ = {isa = PBXBuildFile; fileRef = F3D954BE1E0AFC4600D33A6F /* Main.storyboard */; };
		F3D954C21E0AFC4600D33A6F /* Assets.xcassets in Resources */ = {isa = PBXBuildFile; fileRef = F3D954C11E0AFC4600D33A6F /* Assets.xcassets */; };
		F3D954C51E0AFC4600D33A6F /* LaunchScreen.storyboard in Resources */ = {isa = PBXBuildFile; fileRef = F3D954C31E0AFC4600D33A6F /* LaunchScreen.storyboard */; };
		F3D954DB1E0AFC4600D33A6F /* _0ptsUITests.swift in Sources */ = {isa = PBXBuildFile; fileRef = F3D954DA1E0AFC4600D33A6F /* _0ptsUITests.swift */; };
		F3D954E91E0AFC7700D33A6F /* Calculations.swift in Sources */ = {isa = PBXBuildFile; fileRef = F3D954E81E0AFC7700D33A6F /* Calculations.swift */; };
		F3F2F4A21E0C29ED00DC722F /* Person.swift in Sources */ = {isa = PBXBuildFile; fileRef = F3F2F4A11E0C29ED00DC722F /* Person.swift */; };
		F3F2F4A41E0C36A500DC722F /* Date.swift in Sources */ = {isa = PBXBuildFile; fileRef = F3F2F4A31E0C36A500DC722F /* Date.swift */; };
		F3F2F4A61E0C3D1300DC722F /* Rules.swift in Sources */ = {isa = PBXBuildFile; fileRef = F3F2F4A51E0C3D1300DC722F /* Rules.swift */; };
/* End PBXBuildFile section */

/* Begin PBXContainerItemProxy section */
		F39258DE1EE08C6B0062BA03 /* PBXContainerItemProxy */ = {
			isa = PBXContainerItemProxy;
			containerPortal = F3D954AF1E0AFC4500D33A6F /* Project object */;
			proxyType = 1;
			remoteGlobalIDString = F39258D21EE08C6B0062BA03;
			remoteInfo = 80ptsExtension;
		};
		F3D954CC1E0AFC4600D33A6F /* PBXContainerItemProxy */ = {
			isa = PBXContainerItemProxy;
			containerPortal = F3D954AF1E0AFC4500D33A6F /* Project object */;
			proxyType = 1;
			remoteGlobalIDString = F3D954B61E0AFC4500D33A6F;
			remoteInfo = 80pts;
		};
		F3D954D71E0AFC4600D33A6F /* PBXContainerItemProxy */ = {
			isa = PBXContainerItemProxy;
			containerPortal = F3D954AF1E0AFC4500D33A6F /* Project object */;
			proxyType = 1;
			remoteGlobalIDString = F3D954B61E0AFC4500D33A6F;
			remoteInfo = 80pts;
		};
/* End PBXContainerItemProxy section */

/* Begin PBXCopyFilesBuildPhase section */
		F39258E41EE08C6B0062BA03 /* Embed App Extensions */ = {
			isa = PBXCopyFilesBuildPhase;
			buildActionMask = 2147483647;
			dstPath = "";
			dstSubfolderSpec = 13;
			files = (
				F39258E01EE08C6B0062BA03 /* 80ptsExtension.appex in Embed App Extensions */,
			);
			name = "Embed App Extensions";
			runOnlyForDeploymentPostprocessing = 0;
		};
/* End PBXCopyFilesBuildPhase section */

/* Begin PBXFileReference section */
		F39258D31EE08C6B0062BA03 /* 80ptsExtension.appex */ = {isa = PBXFileReference; explicitFileType = "wrapper.app-extension"; includeInIndex = 0; path = 80ptsExtension.appex; sourceTree = BUILT_PRODUCTS_DIR; };
		F39258D51EE08C6B0062BA03 /* NotificationCenter.framework */ = {isa = PBXFileReference; lastKnownFileType = wrapper.framework; name = NotificationCenter.framework; path = System/Library/Frameworks/NotificationCenter.framework; sourceTree = SDKROOT; };
		F39258D81EE08C6B0062BA03 /* TodayViewController.swift */ = {isa = PBXFileReference; lastKnownFileType = sourcecode.swift; path = TodayViewController.swift; sourceTree = "<group>"; };
		F39258DB1EE08C6B0062BA03 /* Base */ = {isa = PBXFileReference; lastKnownFileType = file.storyboard; name = Base; path = Base.lproj/MainInterface.storyboard; sourceTree = "<group>"; };
		F39258DD1EE08C6B0062BA03 /* Info.plist */ = {isa = PBXFileReference; lastKnownFileType = text.plist.xml; path = Info.plist; sourceTree = "<group>"; };
		F39258E91EE60D920062BA03 /* 80ptsExtension.entitlements */ = {isa = PBXFileReference; lastKnownFileType = text.plist.entitlements; path = 80ptsExtension.entitlements; sourceTree = "<group>"; };
		F39258EA1EE60DB10062BA03 /* 80pts.entitlements */ = {isa = PBXFileReference; lastKnownFileType = text.plist.entitlements; path = 80pts.entitlements; sourceTree = "<group>"; };
		F39258F61EE72D0F0062BA03 /* Constants.swift */ = {isa = PBXFileReference; fileEncoding = 4; lastKnownFileType = sourcecode.swift; path = Constants.swift; sourceTree = "<group>"; };
		F39258FD1EE770960062BA03 /* People.swift */ = {isa = PBXFileReference; fileEncoding = 4; lastKnownFileType = sourcecode.swift; path = People.swift; sourceTree = "<group>"; };
		F39258FF1EE87A100062BA03 /* PeopleViewController.swift */ = {isa = PBXFileReference; fileEncoding = 4; lastKnownFileType = sourcecode.swift; path = PeopleViewController.swift; sourceTree = "<group>"; };
		F3D954B71E0AFC4600D33A6F /* 80pts.app */ = {isa = PBXFileReference; explicitFileType = wrapper.application; includeInIndex = 0; path = 80pts.app; sourceTree = BUILT_PRODUCTS_DIR; };
		F3D954BA1E0AFC4600D33A6F /* AppDelegate.swift */ = {isa = PBXFileReference; lastKnownFileType = sourcecode.swift; path = AppDelegate.swift; sourceTree = "<group>"; };
		F3D954BC1E0AFC4600D33A6F /* EditViewController.swift */ = {isa = PBXFileReference; lastKnownFileType = sourcecode.swift; path = EditViewController.swift; sourceTree = "<group>"; };
		F3D954BF1E0AFC4600D33A6F /* Base */ = {isa = PBXFileReference; lastKnownFileType = file.storyboard; name = Base; path = Base.lproj/Main.storyboard; sourceTree = "<group>"; };
		F3D954C11E0AFC4600D33A6F /* Assets.xcassets */ = {isa = PBXFileReference; lastKnownFileType = folder.assetcatalog; path = Assets.xcassets; sourceTree = "<group>"; };
		F3D954C41E0AFC4600D33A6F /* Base */ = {isa = PBXFileReference; lastKnownFileType = file.storyboard; name = Base; path = Base.lproj/LaunchScreen.storyboard; sourceTree = "<group>"; };
		F3D954C61E0AFC4600D33A6F /* Info.plist */ = {isa = PBXFileReference; lastKnownFileType = text.plist.xml; path = Info.plist; sourceTree = "<group>"; };
		F3D954CB1E0AFC4600D33A6F /* 80ptsTests.xctest */ = {isa = PBXFileReference; explicitFileType = wrapper.cfbundle; includeInIndex = 0; path = 80ptsTests.xctest; sourceTree = BUILT_PRODUCTS_DIR; };
		F3D954CF1E0AFC4600D33A6F /* _0ptsTests.swift */ = {isa = PBXFileReference; lastKnownFileType = sourcecode.swift; path = _0ptsTests.swift; sourceTree = "<group>"; };
		F3D954D11E0AFC4600D33A6F /* Info.plist */ = {isa = PBXFileReference; lastKnownFileType = text.plist.xml; path = Info.plist; sourceTree = "<group>"; };
		F3D954D61E0AFC4600D33A6F /* 80ptsUITests.xctest */ = {isa = PBXFileReference; explicitFileType = wrapper.cfbundle; includeInIndex = 0; path = 80ptsUITests.xctest; sourceTree = BUILT_PRODUCTS_DIR; };
		F3D954DA1E0AFC4600D33A6F /* _0ptsUITests.swift */ = {isa = PBXFileReference; lastKnownFileType = sourcecode.swift; path = _0ptsUITests.swift; sourceTree = "<group>"; };
		F3D954DC1E0AFC4600D33A6F /* Info.plist */ = {isa = PBXFileReference; lastKnownFileType = text.plist.xml; path = Info.plist; sourceTree = "<group>"; };
		F3D954E81E0AFC7700D33A6F /* Calculations.swift */ = {isa = PBXFileReference; fileEncoding = 4; lastKnownFileType = sourcecode.swift; path = Calculations.swift; sourceTree = "<group>"; };
		F3F2F4A11E0C29ED00DC722F /* Person.swift */ = {isa = PBXFileReference; fileEncoding = 4; lastKnownFileType = sourcecode.swift; path = Person.swift; sourceTree = "<group>"; };
		F3F2F4A31E0C36A500DC722F /* Date.swift */ = {isa = PBXFileReference; fileEncoding = 4; lastKnownFileType = sourcecode.swift; path = Date.swift; sourceTree = "<group>"; };
		F3F2F4A51E0C3D1300DC722F /* Rules.swift */ = {isa = PBXFileReference; fileEncoding = 4; lastKnownFileType = sourcecode.swift; path = Rules.swift; sourceTree = "<group>"; };
/* End PBXFileReference section */

/* Begin PBXFrameworksBuildPhase section */
		F39258D01EE08C6B0062BA03 /* Frameworks */ = {
			isa = PBXFrameworksBuildPhase;
			buildActionMask = 2147483647;
			files = (
				F39258D61EE08C6B0062BA03 /* NotificationCenter.framework in Frameworks */,
			);
			runOnlyForDeploymentPostprocessing = 0;
		};
		F3D954B41E0AFC4500D33A6F /* Frameworks */ = {
			isa = PBXFrameworksBuildPhase;
			buildActionMask = 2147483647;
			files = (
			);
			runOnlyForDeploymentPostprocessing = 0;
		};
		F3D954C81E0AFC4600D33A6F /* Frameworks */ = {
			isa = PBXFrameworksBuildPhase;
			buildActionMask = 2147483647;
			files = (
			);
			runOnlyForDeploymentPostprocessing = 0;
		};
		F3D954D31E0AFC4600D33A6F /* Frameworks */ = {
			isa = PBXFrameworksBuildPhase;
			buildActionMask = 2147483647;
			files = (
			);
			runOnlyForDeploymentPostprocessing = 0;
		};
/* End PBXFrameworksBuildPhase section */

/* Begin PBXGroup section */
		F39258D41EE08C6B0062BA03 /* Frameworks */ = {
			isa = PBXGroup;
			children = (
				F39258D51EE08C6B0062BA03 /* NotificationCenter.framework */,
			);
			name = Frameworks;
			sourceTree = "<group>";
		};
		F39258D71EE08C6B0062BA03 /* 80ptsExtension */ = {
			isa = PBXGroup;
			children = (
				F39258E91EE60D920062BA03 /* 80ptsExtension.entitlements */,
				F39258D81EE08C6B0062BA03 /* TodayViewController.swift */,
				F39258DA1EE08C6B0062BA03 /* MainInterface.storyboard */,
				F39258DD1EE08C6B0062BA03 /* Info.plist */,
			);
			path = 80ptsExtension;
			sourceTree = "<group>";
		};
		F3D954AE1E0AFC4500D33A6F = {
			isa = PBXGroup;
			children = (
				F3D954B91E0AFC4600D33A6F /* 80pts */,
				F3D954CE1E0AFC4600D33A6F /* 80ptsTests */,
				F3D954D91E0AFC4600D33A6F /* 80ptsUITests */,
				F39258D71EE08C6B0062BA03 /* 80ptsExtension */,
				F39258D41EE08C6B0062BA03 /* Frameworks */,
				F3D954B81E0AFC4600D33A6F /* Products */,
			);
			sourceTree = "<group>";
		};
		F3D954B81E0AFC4600D33A6F /* Products */ = {
			isa = PBXGroup;
			children = (
				F3D954B71E0AFC4600D33A6F /* 80pts.app */,
				F3D954CB1E0AFC4600D33A6F /* 80ptsTests.xctest */,
				F3D954D61E0AFC4600D33A6F /* 80ptsUITests.xctest */,
				F39258D31EE08C6B0062BA03 /* 80ptsExtension.appex */,
			);
			name = Products;
			sourceTree = "<group>";
		};
		F3D954B91E0AFC4600D33A6F /* 80pts */ = {
			isa = PBXGroup;
			children = (
				F39258EA1EE60DB10062BA03 /* 80pts.entitlements */,
				F3D954BE1E0AFC4600D33A6F /* Main.storyboard */,
				F3D954C11E0AFC4600D33A6F /* Assets.xcassets */,
				F39258FF1EE87A100062BA03 /* PeopleViewController.swift */,
				F3D954BC1E0AFC4600D33A6F /* EditViewController.swift */,
				F39258F61EE72D0F0062BA03 /* Constants.swift */,
				F3F2F4A11E0C29ED00DC722F /* Person.swift */,
				F39258FD1EE770960062BA03 /* People.swift */,
				F3F2F4A31E0C36A500DC722F /* Date.swift */,
				F3F2F4A51E0C3D1300DC722F /* Rules.swift */,
				F3D954E81E0AFC7700D33A6F /* Calculations.swift */,
				F3D954BA1E0AFC4600D33A6F /* AppDelegate.swift */,
				F3D954C61E0AFC4600D33A6F /* Info.plist */,
				F3D954C31E0AFC4600D33A6F /* LaunchScreen.storyboard */,
			);
			path = 80pts;
			sourceTree = "<group>";
		};
		F3D954CE1E0AFC4600D33A6F /* 80ptsTests */ = {
			isa = PBXGroup;
			children = (
				F3D954CF1E0AFC4600D33A6F /* _0ptsTests.swift */,
				F3D954D11E0AFC4600D33A6F /* Info.plist */,
			);
			path = 80ptsTests;
			sourceTree = "<group>";
		};
		F3D954D91E0AFC4600D33A6F /* 80ptsUITests */ = {
			isa = PBXGroup;
			children = (
				F3D954DA1E0AFC4600D33A6F /* _0ptsUITests.swift */,
				F3D954DC1E0AFC4600D33A6F /* Info.plist */,
			);
			path = 80ptsUITests;
			sourceTree = "<group>";
		};
/* End PBXGroup section */

/* Begin PBXNativeTarget section */
		F39258D21EE08C6B0062BA03 /* 80ptsExtension */ = {
			isa = PBXNativeTarget;
			buildConfigurationList = F39258E31EE08C6B0062BA03 /* Build configuration list for PBXNativeTarget "80ptsExtension" */;
			buildPhases = (
				F39258CF1EE08C6B0062BA03 /* Sources */,
				F39258D01EE08C6B0062BA03 /* Frameworks */,
				F39258D11EE08C6B0062BA03 /* Resources */,
			);
			buildRules = (
			);
			dependencies = (
			);
			name = 80ptsExtension;
			productName = 80ptsExtension;
			productReference = F39258D31EE08C6B0062BA03 /* 80ptsExtension.appex */;
			productType = "com.apple.product-type.app-extension";
		};
		F3D954B61E0AFC4500D33A6F /* 80pts */ = {
			isa = PBXNativeTarget;
			buildConfigurationList = F3D954DF1E0AFC4600D33A6F /* Build configuration list for PBXNativeTarget "80pts" */;
			buildPhases = (
				F3D954B31E0AFC4500D33A6F /* Sources */,
				F3D954B41E0AFC4500D33A6F /* Frameworks */,
				F3D954B51E0AFC4500D33A6F /* Resources */,
				F39258E41EE08C6B0062BA03 /* Embed App Extensions */,
			);
			buildRules = (
			);
			dependencies = (
				F39258DF1EE08C6B0062BA03 /* PBXTargetDependency */,
			);
			name = 80pts;
			productName = 80pts;
			productReference = F3D954B71E0AFC4600D33A6F /* 80pts.app */;
			productType = "com.apple.product-type.application";
		};
		F3D954CA1E0AFC4600D33A6F /* 80ptsTests */ = {
			isa = PBXNativeTarget;
			buildConfigurationList = F3D954E21E0AFC4600D33A6F /* Build configuration list for PBXNativeTarget "80ptsTests" */;
			buildPhases = (
				F3D954C71E0AFC4600D33A6F /* Sources */,
				F3D954C81E0AFC4600D33A6F /* Frameworks */,
				F3D954C91E0AFC4600D33A6F /* Resources */,
			);
			buildRules = (
			);
			dependencies = (
				F3D954CD1E0AFC4600D33A6F /* PBXTargetDependency */,
			);
			name = 80ptsTests;
			productName = 80ptsTests;
			productReference = F3D954CB1E0AFC4600D33A6F /* 80ptsTests.xctest */;
			productType = "com.apple.product-type.bundle.unit-test";
		};
		F3D954D51E0AFC4600D33A6F /* 80ptsUITests */ = {
			isa = PBXNativeTarget;
			buildConfigurationList = F3D954E51E0AFC4600D33A6F /* Build configuration list for PBXNativeTarget "80ptsUITests" */;
			buildPhases = (
				F3D954D21E0AFC4600D33A6F /* Sources */,
				F3D954D31E0AFC4600D33A6F /* Frameworks */,
				F3D954D41E0AFC4600D33A6F /* Resources */,
			);
			buildRules = (
			);
			dependencies = (
				F3D954D81E0AFC4600D33A6F /* PBXTargetDependency */,
			);
			name = 80ptsUITests;
			productName = 80ptsUITests;
			productReference = F3D954D61E0AFC4600D33A6F /* 80ptsUITests.xctest */;
			productType = "com.apple.product-type.bundle.ui-testing";
		};
/* End PBXNativeTarget section */

/* Begin PBXProject section */
		F3D954AF1E0AFC4500D33A6F /* Project object */ = {
			isa = PBXProject;
			attributes = {
				LastSwiftUpdateCheck = 0830;
				LastUpgradeCheck = 0820;
				ORGANIZATIONNAME = mcc;
				TargetAttributes = {
					F39258D21EE08C6B0062BA03 = {
						CreatedOnToolsVersion = 8.3.2;
						DevelopmentTeam = XWWF34NM2J;
						ProvisioningStyle = Automatic;
						SystemCapabilities = {
							com.apple.ApplicationGroups.iOS = {
								enabled = 1;
							};
						};
					};
					F3D954B61E0AFC4500D33A6F = {
						CreatedOnToolsVersion = 8.2;
						DevelopmentTeam = XWWF34NM2J;
						ProvisioningStyle = Automatic;
						SystemCapabilities = {
							com.apple.ApplicationGroups.iOS = {
								enabled = 1;
							};
						};
					};
					F3D954CA1E0AFC4600D33A6F = {
						CreatedOnToolsVersion = 8.2;
						DevelopmentTeam = XWWF34NM2J;
						ProvisioningStyle = Automatic;
						TestTargetID = F3D954B61E0AFC4500D33A6F;
					};
					F3D954D51E0AFC4600D33A6F = {
						CreatedOnToolsVersion = 8.2;
						DevelopmentTeam = XWWF34NM2J;
						ProvisioningStyle = Automatic;
						TestTargetID = F3D954B61E0AFC4500D33A6F;
					};
				};
			};
			buildConfigurationList = F3D954B21E0AFC4500D33A6F /* Build configuration list for PBXProject "80pts" */;
			compatibilityVersion = "Xcode 3.2";
			developmentRegion = English;
			hasScannedForEncodings = 0;
			knownRegions = (
				en,
				Base,
			);
			mainGroup = F3D954AE1E0AFC4500D33A6F;
			productRefGroup = F3D954B81E0AFC4600D33A6F /* Products */;
			projectDirPath = "";
			projectRoot = "";
			targets = (
				F3D954B61E0AFC4500D33A6F /* 80pts */,
				F3D954CA1E0AFC4600D33A6F /* 80ptsTests */,
				F3D954D51E0AFC4600D33A6F /* 80ptsUITests */,
				F39258D21EE08C6B0062BA03 /* 80ptsExtension */,
			);
		};
/* End PBXProject section */

/* Begin PBXResourcesBuildPhase section */
		F39258D11EE08C6B0062BA03 /* Resources */ = {
			isa = PBXResourcesBuildPhase;
			buildActionMask = 2147483647;
			files = (
				F39258DC1EE08C6B0062BA03 /* MainInterface.storyboard in Resources */,
			);
			runOnlyForDeploymentPostprocessing = 0;
		};
		F3D954B51E0AFC4500D33A6F /* Resources */ = {
			isa = PBXResourcesBuildPhase;
			buildActionMask = 2147483647;
			files = (
				F3D954C51E0AFC4600D33A6F /* LaunchScreen.storyboard in Resources */,
				F3D954C21E0AFC4600D33A6F /* Assets.xcassets in Resources */,
				F3D954C01E0AFC4600D33A6F /* Main.storyboard in Resources */,
			);
			runOnlyForDeploymentPostprocessing = 0;
		};
		F3D954C91E0AFC4600D33A6F /* Resources */ = {
			isa = PBXResourcesBuildPhase;
			buildActionMask = 2147483647;
			files = (
			);
			runOnlyForDeploymentPostprocessing = 0;
		};
		F3D954D41E0AFC4600D33A6F /* Resources */ = {
			isa = PBXResourcesBuildPhase;
			buildActionMask = 2147483647;
			files = (
			);
			runOnlyForDeploymentPostprocessing = 0;
		};
/* End PBXResourcesBuildPhase section */

/* Begin PBXSourcesBuildPhase section */
		F39258CF1EE08C6B0062BA03 /* Sources */ = {
			isa = PBXSourcesBuildPhase;
			buildActionMask = 2147483647;
			files = (
				F39258E51EE096E50062BA03 /* Person.swift in Sources */,
				F39258E71EE096ED0062BA03 /* Rules.swift in Sources */,
				F39258FC1EE739A40062BA03 /* TodayViewController.swift in Sources */,
				F39258E61EE096EA0062BA03 /* Date.swift in Sources */,
				F39258E81EE096F10062BA03 /* Calculations.swift in Sources */,
				F39258F81EE72DF60062BA03 /* Constants.swift in Sources */,
			);
			runOnlyForDeploymentPostprocessing = 0;
		};
		F3D954B31E0AFC4500D33A6F /* Sources */ = {
			isa = PBXSourcesBuildPhase;
			buildActionMask = 2147483647;
			files = (
				F3D954BD1E0AFC4600D33A6F /* EditViewController.swift in Sources */,
				F3F2F4A41E0C36A500DC722F /* Date.swift in Sources */,
				F3D954E91E0AFC7700D33A6F /* Calculations.swift in Sources */,
				F3F2F4A21E0C29ED00DC722F /* Person.swift in Sources */,
				F39258FE1EE770960062BA03 /* People.swift in Sources */,
				F39259001EE87A100062BA03 /* PeopleViewController.swift in Sources */,
				F3D954BB1E0AFC4600D33A6F /* AppDelegate.swift in Sources */,
				F3F2F4A61E0C3D1300DC722F /* Rules.swift in Sources */,
				F39258F71EE72D0F0062BA03 /* Constants.swift in Sources */,
			);
			runOnlyForDeploymentPostprocessing = 0;
		};
		F3D954C71E0AFC4600D33A6F /* Sources */ = {
			isa = PBXSourcesBuildPhase;
			buildActionMask = 2147483647;
			files = (
				F39258F11EE72C0D0062BA03 /* _0ptsTests.swift in Sources */,
			);
			runOnlyForDeploymentPostprocessing = 0;
		};
		F3D954D21E0AFC4600D33A6F /* Sources */ = {
			isa = PBXSourcesBuildPhase;
			buildActionMask = 2147483647;
			files = (
				F3D954DB1E0AFC4600D33A6F /* _0ptsUITests.swift in Sources */,
			);
			runOnlyForDeploymentPostprocessing = 0;
		};
/* End PBXSourcesBuildPhase section */

/* Begin PBXTargetDependency section */
		F39258DF1EE08C6B0062BA03 /* PBXTargetDependency */ = {
			isa = PBXTargetDependency;
			target = F39258D21EE08C6B0062BA03 /* 80ptsExtension */;
			targetProxy = F39258DE1EE08C6B0062BA03 /* PBXContainerItemProxy */;
		};
		F3D954CD1E0AFC4600D33A6F /* PBXTargetDependency */ = {
			isa = PBXTargetDependency;
			target = F3D954B61E0AFC4500D33A6F /* 80pts */;
			targetProxy = F3D954CC1E0AFC4600D33A6F /* PBXContainerItemProxy */;
		};
		F3D954D81E0AFC4600D33A6F /* PBXTargetDependency */ = {
			isa = PBXTargetDependency;
			target = F3D954B61E0AFC4500D33A6F /* 80pts */;
			targetProxy = F3D954D71E0AFC4600D33A6F /* PBXContainerItemProxy */;
		};
/* End PBXTargetDependency section */

/* Begin PBXVariantGroup section */
		F39258DA1EE08C6B0062BA03 /* MainInterface.storyboard */ = {
			isa = PBXVariantGroup;
			children = (
				F39258DB1EE08C6B0062BA03 /* Base */,
			);
			name = MainInterface.storyboard;
			sourceTree = "<group>";
		};
		F3D954BE1E0AFC4600D33A6F /* Main.storyboard */ = {
			isa = PBXVariantGroup;
			children = (
				F3D954BF1E0AFC4600D33A6F /* Base */,
			);
			name = Main.storyboard;
			sourceTree = "<group>";
		};
		F3D954C31E0AFC4600D33A6F /* LaunchScreen.storyboard */ = {
			isa = PBXVariantGroup;
			children = (
				F3D954C41E0AFC4600D33A6F /* Base */,
			);
			name = LaunchScreen.storyboard;
			sourceTree = "<group>";
		};
/* End PBXVariantGroup section */

/* Begin XCBuildConfiguration section */
		F39258E11EE08C6B0062BA03 /* Debug */ = {
			isa = XCBuildConfiguration;
			buildSettings = {
				CLANG_ANALYZER_NUMBER_OBJECT_CONVERSION = YES_AGGRESSIVE;
				CODE_SIGN_ENTITLEMENTS = 80ptsExtension/80ptsExtension.entitlements;
				DEVELOPMENT_TEAM = XWWF34NM2J;
				INFOPLIST_FILE = 80ptsExtension/Info.plist;
				IPHONEOS_DEPLOYMENT_TARGET = 10.3;
				LD_RUNPATH_SEARCH_PATHS = "$(inherited) @executable_path/Frameworks @executable_path/../../Frameworks";
				PRODUCT_BUNDLE_IDENTIFIER = com.hobjoblin.80pts.Extension;
				PRODUCT_NAME = "$(TARGET_NAME)";
				SKIP_INSTALL = YES;
				SWIFT_VERSION = 3.0;
			};
			name = Debug;
		};
		F39258E21EE08C6B0062BA03 /* Release */ = {
			isa = XCBuildConfiguration;
			buildSettings = {
				CLANG_ANALYZER_NUMBER_OBJECT_CONVERSION = YES_AGGRESSIVE;
				CODE_SIGN_ENTITLEMENTS = 80ptsExtension/80ptsExtension.entitlements;
				DEVELOPMENT_TEAM = XWWF34NM2J;
				INFOPLIST_FILE = 80ptsExtension/Info.plist;
				IPHONEOS_DEPLOYMENT_TARGET = 10.3;
				LD_RUNPATH_SEARCH_PATHS = "$(inherited) @executable_path/Frameworks @executable_path/../../Frameworks";
				PRODUCT_BUNDLE_IDENTIFIER = com.hobjoblin.80pts.Extension;
				PRODUCT_NAME = "$(TARGET_NAME)";
				SKIP_INSTALL = YES;
				SWIFT_VERSION = 3.0;
			};
			name = Release;
		};
		F3D954DD1E0AFC4600D33A6F /* Debug */ = {
			isa = XCBuildConfiguration;
			buildSettings = {
				ALWAYS_SEARCH_USER_PATHS = NO;
				CLANG_ANALYZER_NONNULL = YES;
				CLANG_CXX_LANGUAGE_STANDARD = "gnu++0x";
				CLANG_CXX_LIBRARY = "libc++";
				CLANG_ENABLE_MODULES = YES;
				CLANG_ENABLE_OBJC_ARC = YES;
				CLANG_WARN_BOOL_CONVERSION = YES;
				CLANG_WARN_CONSTANT_CONVERSION = YES;
				CLANG_WARN_DIRECT_OBJC_ISA_USAGE = YES_ERROR;
				CLANG_WARN_DOCUMENTATION_COMMENTS = YES;
				CLANG_WARN_EMPTY_BODY = YES;
				CLANG_WARN_ENUM_CONVERSION = YES;
				CLANG_WARN_INFINITE_RECURSION = YES;
				CLANG_WARN_INT_CONVERSION = YES;
				CLANG_WARN_OBJC_ROOT_CLASS = YES_ERROR;
				CLANG_WARN_SUSPICIOUS_MOVE = YES;
				CLANG_WARN_UNREACHABLE_CODE = YES;
				CLANG_WARN__DUPLICATE_METHOD_MATCH = YES;
				"CODE_SIGN_IDENTITY[sdk=iphoneos*]" = "iPhone Developer";
				COPY_PHASE_STRIP = NO;
				DEBUG_INFORMATION_FORMAT = dwarf;
				ENABLE_STRICT_OBJC_MSGSEND = YES;
				ENABLE_TESTABILITY = YES;
				GCC_C_LANGUAGE_STANDARD = gnu99;
				GCC_DYNAMIC_NO_PIC = NO;
				GCC_NO_COMMON_BLOCKS = YES;
				GCC_OPTIMIZATION_LEVEL = 0;
				GCC_PREPROCESSOR_DEFINITIONS = (
					"DEBUG=1",
					"$(inherited)",
				);
				GCC_WARN_64_TO_32_BIT_CONVERSION = YES;
				GCC_WARN_ABOUT_RETURN_TYPE = YES_ERROR;
				GCC_WARN_UNDECLARED_SELECTOR = YES;
				GCC_WARN_UNINITIALIZED_AUTOS = YES_AGGRESSIVE;
				GCC_WARN_UNUSED_FUNCTION = YES;
				GCC_WARN_UNUSED_VARIABLE = YES;
				IPHONEOS_DEPLOYMENT_TARGET = 10.2;
				MTL_ENABLE_DEBUG_INFO = YES;
				ONLY_ACTIVE_ARCH = YES;
				SDKROOT = iphoneos;
				SWIFT_ACTIVE_COMPILATION_CONDITIONS = DEBUG;
				SWIFT_OPTIMIZATION_LEVEL = "-Onone";
				TARGETED_DEVICE_FAMILY = "1,2";
			};
			name = Debug;
		};
		F3D954DE1E0AFC4600D33A6F /* Release */ = {
			isa = XCBuildConfiguration;
			buildSettings = {
				ALWAYS_SEARCH_USER_PATHS = NO;
				CLANG_ANALYZER_NONNULL = YES;
				CLANG_CXX_LANGUAGE_STANDARD = "gnu++0x";
				CLANG_CXX_LIBRARY = "libc++";
				CLANG_ENABLE_MODULES = YES;
				CLANG_ENABLE_OBJC_ARC = YES;
				CLANG_WARN_BOOL_CONVERSION = YES;
				CLANG_WARN_CONSTANT_CONVERSION = YES;
				CLANG_WARN_DIRECT_OBJC_ISA_USAGE = YES_ERROR;
				CLANG_WARN_DOCUMENTATION_COMMENTS = YES;
				CLANG_WARN_EMPTY_BODY = YES;
				CLANG_WARN_ENUM_CONVERSION = YES;
				CLANG_WARN_INFINITE_RECURSION = YES;
				CLANG_WARN_INT_CONVERSION = YES;
				CLANG_WARN_OBJC_ROOT_CLASS = YES_ERROR;
				CLANG_WARN_SUSPICIOUS_MOVE = YES;
				CLANG_WARN_UNREACHABLE_CODE = YES;
				CLANG_WARN__DUPLICATE_METHOD_MATCH = YES;
				"CODE_SIGN_IDENTITY[sdk=iphoneos*]" = "iPhone Developer";
				COPY_PHASE_STRIP = NO;
				DEBUG_INFORMATION_FORMAT = "dwarf-with-dsym";
				ENABLE_NS_ASSERTIONS = NO;
				ENABLE_STRICT_OBJC_MSGSEND = YES;
				GCC_C_LANGUAGE_STANDARD = gnu99;
				GCC_NO_COMMON_BLOCKS = YES;
				GCC_WARN_64_TO_32_BIT_CONVERSION = YES;
				GCC_WARN_ABOUT_RETURN_TYPE = YES_ERROR;
				GCC_WARN_UNDECLARED_SELECTOR = YES;
				GCC_WARN_UNINITIALIZED_AUTOS = YES_AGGRESSIVE;
				GCC_WARN_UNUSED_FUNCTION = YES;
				GCC_WARN_UNUSED_VARIABLE = YES;
				IPHONEOS_DEPLOYMENT_TARGET = 10.2;
				MTL_ENABLE_DEBUG_INFO = NO;
				SDKROOT = iphoneos;
				SWIFT_OPTIMIZATION_LEVEL = "-Owholemodule";
				TARGETED_DEVICE_FAMILY = "1,2";
				VALIDATE_PRODUCT = YES;
			};
			name = Release;
		};
		F3D954E01E0AFC4600D33A6F /* Debug */ = {
			isa = XCBuildConfiguration;
			buildSettings = {
				ALWAYS_EMBED_SWIFT_STANDARD_LIBRARIES = YES;
				ASSETCATALOG_COMPILER_APPICON_NAME = AppIcon;
				CODE_SIGN_ENTITLEMENTS = 80pts/80pts.entitlements;
				DEVELOPMENT_TEAM = XWWF34NM2J;
				INFOPLIST_FILE = 80pts/Info.plist;
				IPHONEOS_DEPLOYMENT_TARGET = 10.0;
				LD_RUNPATH_SEARCH_PATHS = "$(inherited) @executable_path/Frameworks";
				PRODUCT_BUNDLE_IDENTIFIER = com.hobjoblin.80pts;
				PRODUCT_NAME = "$(TARGET_NAME)";
				SWIFT_VERSION = 3.0;
			};
			name = Debug;
		};
		F3D954E11E0AFC4600D33A6F /* Release */ = {
			isa = XCBuildConfiguration;
			buildSettings = {
				ALWAYS_EMBED_SWIFT_STANDARD_LIBRARIES = YES;
				ASSETCATALOG_COMPILER_APPICON_NAME = AppIcon;
				CODE_SIGN_ENTITLEMENTS = 80pts/80pts.entitlements;
				DEVELOPMENT_TEAM = XWWF34NM2J;
				INFOPLIST_FILE = 80pts/Info.plist;
				IPHONEOS_DEPLOYMENT_TARGET = 10.0;
				LD_RUNPATH_SEARCH_PATHS = "$(inherited) @executable_path/Frameworks";
				PRODUCT_BUNDLE_IDENTIFIER = com.hobjoblin.80pts;
				PRODUCT_NAME = "$(TARGET_NAME)";
				SWIFT_VERSION = 3.0;
			};
			name = Release;
		};
		F3D954E31E0AFC4600D33A6F /* Debug */ = {
			isa = XCBuildConfiguration;
			buildSettings = {
				ALWAYS_EMBED_SWIFT_STANDARD_LIBRARIES = YES;
				BUNDLE_LOADER = "$(TEST_HOST)";
				DEVELOPMENT_TEAM = XWWF34NM2J;
				INFOPLIST_FILE = 80ptsTests/Info.plist;
				IPHONEOS_DEPLOYMENT_TARGET = 10.0;
				LD_RUNPATH_SEARCH_PATHS = "$(inherited) @executable_path/Frameworks @loader_path/Frameworks";
				PRODUCT_BUNDLE_IDENTIFIER = "mcc.-0ptsTests";
				PRODUCT_NAME = "$(TARGET_NAME)";
				SWIFT_VERSION = 3.0;
				TEST_HOST = "$(BUILT_PRODUCTS_DIR)/80pts.app/80pts";
			};
			name = Debug;
		};
		F3D954E41E0AFC4600D33A6F /* Release */ = {
			isa = XCBuildConfiguration;
			buildSettings = {
				ALWAYS_EMBED_SWIFT_STANDARD_LIBRARIES = YES;
				BUNDLE_LOADER = "$(TEST_HOST)";
				DEVELOPMENT_TEAM = XWWF34NM2J;
				INFOPLIST_FILE = 80ptsTests/Info.plist;
				IPHONEOS_DEPLOYMENT_TARGET = 10.0;
				LD_RUNPATH_SEARCH_PATHS = "$(inherited) @executable_path/Frameworks @loader_path/Frameworks";
				PRODUCT_BUNDLE_IDENTIFIER = "mcc.-0ptsTests";
				PRODUCT_NAME = "$(TARGET_NAME)";
				SWIFT_VERSION = 3.0;
				TEST_HOST = "$(BUILT_PRODUCTS_DIR)/80pts.app/80pts";
			};
			name = Release;
		};
		F3D954E61E0AFC4600D33A6F /* Debug */ = {
			isa = XCBuildConfiguration;
			buildSettings = {
				ALWAYS_EMBED_SWIFT_STANDARD_LIBRARIES = YES;
				DEVELOPMENT_TEAM = XWWF34NM2J;
				INFOPLIST_FILE = 80ptsUITests/Info.plist;
				IPHONEOS_DEPLOYMENT_TARGET = 10.0;
				LD_RUNPATH_SEARCH_PATHS = "$(inherited) @executable_path/Frameworks @loader_path/Frameworks";
				PRODUCT_BUNDLE_IDENTIFIER = "mcc.-0ptsUITests";
				PRODUCT_NAME = "$(TARGET_NAME)";
				SWIFT_VERSION = 3.0;
				TEST_TARGET_NAME = 80pts;
			};
			name = Debug;
		};
		F3D954E71E0AFC4600D33A6F /* Release */ = {
			isa = XCBuildConfiguration;
			buildSettings = {
				ALWAYS_EMBED_SWIFT_STANDARD_LIBRARIES = YES;
				DEVELOPMENT_TEAM = XWWF34NM2J;
				INFOPLIST_FILE = 80ptsUITests/Info.plist;
				IPHONEOS_DEPLOYMENT_TARGET = 10.0;
				LD_RUNPATH_SEARCH_PATHS = "$(inherited) @executable_path/Frameworks @loader_path/Frameworks";
				PRODUCT_BUNDLE_IDENTIFIER = "mcc.-0ptsUITests";
				PRODUCT_NAME = "$(TARGET_NAME)";
				SWIFT_VERSION = 3.0;
				TEST_TARGET_NAME = 80pts;
			};
			name = Release;
		};
/* End XCBuildConfiguration section */

/* Begin XCConfigurationList section */
		F39258E31EE08C6B0062BA03 /* Build configuration list for PBXNativeTarget "80ptsExtension" */ = {
			isa = XCConfigurationList;
			buildConfigurations = (
				F39258E11EE08C6B0062BA03 /* Debug */,
				F39258E21EE08C6B0062BA03 /* Release */,
			);
			defaultConfigurationIsVisible = 0;
			defaultConfigurationName = Release;
		};
		F3D954B21E0AFC4500D33A6F /* Build configuration list for PBXProject "80pts" */ = {
			isa = XCConfigurationList;
			buildConfigurations = (
				F3D954DD1E0AFC4600D33A6F /* Debug */,
				F3D954DE1E0AFC4600D33A6F /* Release */,
			);
			defaultConfigurationIsVisible = 0;
			defaultConfigurationName = Release;
		};
		F3D954DF1E0AFC4600D33A6F /* Build configuration list for PBXNativeTarget "80pts" */ = {
			isa = XCConfigurationList;
			buildConfigurations = (
				F3D954E01E0AFC4600D33A6F /* Debug */,
				F3D954E11E0AFC4600D33A6F /* Release */,
			);
			defaultConfigurationIsVisible = 0;
			defaultConfigurationName = Release;
		};
		F3D954E21E0AFC4600D33A6F /* Build configuration list for PBXNativeTarget "80ptsTests" */ = {
			isa = XCConfigurationList;
			buildConfigurations = (
				F3D954E31E0AFC4600D33A6F /* Debug */,
				F3D954E41E0AFC4600D33A6F /* Release */,
			);
			defaultConfigurationIsVisible = 0;
			defaultConfigurationName = Release;
		};
		F3D954E51E0AFC4600D33A6F /* Build configuration list for PBXNativeTarget "80ptsUITests" */ = {
			isa = XCConfigurationList;
			buildConfigurations = (
				F3D954E61E0AFC4600D33A6F /* Debug */,
				F3D954E71E0AFC4600D33A6F /* Release */,
			);
			defaultConfigurationIsVisible = 0;
			defaultConfigurationName = Release;
		};
/* End XCConfigurationList section */
	};
	rootObject = F3D954AF1E0AFC4500D33A6F /* Project object */;
}
